#MicroXplorer Configuration settings - do not modify
BOOTPATH.BootPathName=LEGACY
BOOTPATH.IPParameters=BootPathName
BOOTPATH.UserSelectedBootPath=LEGACY
CAD.formats=
CAD.pinconfig=
CAD.provider=
File.Version=6
GPIO.groupedBy=Group By Peripherals
KeepUserPlacement=false
MMTAppRegionsCount=0
MMTConfigApplied=false
Mcu.CPN=STM32H503CBT6
Mcu.Family=STM32H5
Mcu.IP0=BOOTPATH
Mcu.IP1=CORTEX_M33_NS
Mcu.IP2=ICACHE
Mcu.IP3=MEMORYMAP
Mcu.IP4=NVIC
Mcu.IP5=PWR
Mcu.IP6=RCC
Mcu.IP7=SYS
Mcu.IP8=TIM2
Mcu.IP9=USART1
Mcu.IPNb=10
Mcu.Name=STM32H503CBTx
Mcu.Package=LQFP48
Mcu.Pin0=PC13
Mcu.Pin1=PC14-OSC32_IN(OSC32_IN)
Mcu.Pin10=VP_PWR_VS_SECSignals
Mcu.Pin11=VP_PWR_VS_LPOM
Mcu.Pin12=VP_PWR_VS_DBSignals
Mcu.Pin13=VP_SYS_VS_Systick
Mcu.Pin14=VP_TIM2_VS_ControllerModeClock
Mcu.Pin15=VP_BOOTPATH_VS_BOOTPATH
Mcu.Pin16=VP_MEMORYMAP_VS_MEMORYMAP
Mcu.Pin2=PC15-OSC32_OUT(OSC32_OUT)
Mcu.Pin3=PH0-OSC_IN(PH0)
Mcu.Pin4=PH1-OSC_OUT(PH1)
Mcu.Pin5=PA0
Mcu.Pin6=PA8
Mcu.Pin7=PA9
Mcu.Pin8=PA10
Mcu.Pin9=VP_ICACHE_VS_ICACHE
Mcu.PinsNb=17
Mcu.ThirdPartyNb=0
Mcu.UserConstants=
Mcu.UserName=STM32H503CBTx
MxCube.Version=6.10.0
MxDb.Version=DB.6.0.100
NVIC.BusFault_IRQn=true\:0\:0\:false\:false\:true\:false\:false\:false
NVIC.DebugMonitor_IRQn=true\:0\:0\:false\:false\:true\:false\:false\:false
NVIC.ForceEnableDMAVector=true
NVIC.HardFault_IRQn=true\:0\:0\:false\:false\:true\:false\:false\:false
NVIC.MemoryManagement_IRQn=true\:0\:0\:false\:false\:true\:false\:false\:false
NVIC.NonMaskableInt_IRQn=true\:0\:0\:false\:false\:true\:false\:false\:false
NVIC.PendSV_IRQn=true\:0\:0\:false\:false\:true\:false\:false\:false
NVIC.PriorityGroup=NVIC_PRIORITYGROUP_2
NVIC.SVCall_IRQn=true\:0\:0\:false\:false\:true\:false\:false\:false
NVIC.SysTick_IRQn=true\:0\:2\:true\:false\:true\:false\:true\:false
NVIC.TIM2_IRQn=true\:2\:1\:true\:false\:true\:true\:true\:true
NVIC.USART1_IRQn=true\:2\:2\:true\:false\:true\:true\:true\:true
NVIC.UsageFault_IRQn=true\:0\:0\:false\:false\:true\:false\:false\:false
PA0.GPIOParameters=GPIO_PuPd,GPIO_Label
PA0.GPIO_Label=WK_UP
PA0.GPIO_PuPd=GPIO_PULLDOWN
PA0.Locked=true
PA0.Signal=S_TIM2_CH1
PA10.GPIOParameters=GPIO_ModeDefaultPP,GPIO_Speed
PA10.GPIO_ModeDefaultPP=GPIO_MODE_AF_PP
PA10.GPIO_Speed=GPIO_SPEED_FREQ_LOW
PA10.Locked=true
PA10.Mode=Asynchronous
PA10.Signal=USART1_RX
PA8.GPIOParameters=GPIO_Speed,PinState,GPIO_PuPd,GPIO_Label
PA8.GPIO_Label=LED
PA8.GPIO_PuPd=GPIO_PULLUP
PA8.GPIO_Speed=GPIO_SPEED_FREQ_HIGH
PA8.Locked=true
PA8.PinState=GPIO_PIN_SET
PA8.Signal=GPIO_Output
PA9.GPIOParameters=GPIO_Speed
PA9.GPIO_Speed=GPIO_SPEED_FREQ_HIGH
PA9.Locked=true
PA9.Mode=Asynchronous
PA9.Signal=USART1_TX
PC13.GPIOParameters=GPIO_PuPd,GPIO_Label
PC13.GPIO_Label=KEY0
PC13.GPIO_PuPd=GPIO_PULLDOWN
PC13.Locked=true
PC13.Signal=GPIO_Input
PC14-OSC32_IN(OSC32_IN).Mode=LSE-External-Oscillator
PC14-OSC32_IN(OSC32_IN).Signal=RCC_OSC32_IN
PC15-OSC32_OUT(OSC32_OUT).Mode=LSE-External-Oscillator
PC15-OSC32_OUT(OSC32_OUT).Signal=RCC_OSC32_OUT
PH0-OSC_IN(PH0).Mode=HSE-External-Oscillator
PH0-OSC_IN(PH0).Signal=RCC_OSC_IN
PH1-OSC_OUT(PH1).Mode=HSE-External-Oscillator
PH1-OSC_OUT(PH1).Signal=RCC_OSC_OUT
PinOutPanel.RotationAngle=0
ProjectManager.AskForMigrate=true
ProjectManager.BackupPrevious=false
ProjectManager.CompilerOptimize=6
ProjectManager.ComputerToolchain=false
ProjectManager.CoupleFile=true
ProjectManager.CustomerFirmwarePackage=
ProjectManager.DefaultFWLocation=true
ProjectManager.DeletePrevious=true
ProjectManager.DeviceId=STM32H503CBTx
ProjectManager.FirmwarePackage=STM32Cube FW_H5 V1.1.0
ProjectManager.FreePins=false
ProjectManager.HalAssertFull=false
ProjectManager.HeapSize=0x200
ProjectManager.KeepUserCode=true
ProjectManager.LastFirmware=false
ProjectManager.LibraryCopy=1
ProjectManager.MainLocation=Core/Src
ProjectManager.NoMain=false
ProjectManager.PreviousToolchain=
ProjectManager.ProjectBuild=false
ProjectManager.ProjectFileName=08_4_GTIM_Count.ioc
ProjectManager.ProjectName=08_4_GTIM_Count
ProjectManager.ProjectStructure=
ProjectManager.RegisterCallBack=
ProjectManager.StackSize=0x400
ProjectManager.TargetToolchain=STM32CubeIDE
ProjectManager.ToolChainLocation=
ProjectManager.UAScriptAfterPath=
ProjectManager.UAScriptBeforePath=
ProjectManager.UnderRoot=true
ProjectManager.functionlistsort=1-SystemClock_Config-RCC-false-HAL-false,2-MX_GPIO_Init-GPIO-false-HAL-true,3-MX_ICACHE_Init-ICACHE-false-HAL-true,4-MX_USART1_UART_Init-USART1-false-HAL-true,5-MX_TIM2_Init-TIM2-false-HAL-true,0-MX_CORTEX_M33_NS_Init-CORTEX_M33_NS-false-HAL-true,0-MX_PWR_Init-PWR-false-HAL-true
RCC.ADCFreq_Value=250000000
RCC.AHBFreq_Value=250000000
RCC.APB1Freq_Value=250000000
RCC.APB1TimFreq_Value=250000000
RCC.APB2Freq_Value=250000000
RCC.APB2TimFreq_Value=250000000
RCC.APB3Freq_Value=250000000
RCC.CKPERFreq_Value=32000000
RCC.CRSFreq_Value=48000000
RCC.CSI_VALUE=4000000
RCC.CortexFreq_Value=250000000
RCC.DACFreq_Value=32768
RCC.EPOD_VALUE=8000000
RCC.FCLKCortexFreq_Value=250000000
RCC.FDCANFreq_Value=8000000
RCC.FamilyName=M
RCC.HCLKFreq_Value=250000000
RCC.HSE_VALUE=8000000
RCC.HSI48_VALUE=48000000
RCC.HSI_VALUE=64000000
RCC.I2C1Freq_Value=250000000
RCC.I2C2Freq_Value=250000000
RCC.I3C1Freq_Value=250000000
RCC.I3C2Freq_Value=250000000
RCC.IPParameters=ADCFreq_Value,AHBFreq_Value,APB1Freq_Value,APB1TimFreq_Value,APB2Freq_Value,APB2TimFreq_Value,APB3Freq_Value,CKPERFreq_Value,CRSFreq_Value,CSI_VALUE,CortexFreq_Value,DACFreq_Value,EPOD_VALUE,FCLKCortexFreq_Value,FDCANFreq_Value,FamilyName,HCLKFreq_Value,HSE_VALUE,HSI48_VALUE,HSI_VALUE,I2C1Freq_Value,I2C2Freq_Value,I3C1Freq_Value,I3C2Freq_Value,LPTIM1Freq_Value,LPTIM2Freq_Value,LPUART1Freq_Value,LSCOPinFreq_Value,LSIRC_VALUE,MCO1PinFreq_Value,PLL2PoutputFreq_Value,PLL2QoutputFreq_Value,PLL2RoutputFreq_Value,PLLM,PLLN,PLLPoutputFreq_Value,PLLQoutputFreq_Value,PLLSourceVirtual,PWRFreq_Value,RNGFreq_Value,SPI1Freq_Value,SPI2Freq_Value,SPI3Freq_Value,SYSCLKFreq_VALUE,SYSCLKSource,USART1Freq_Value,USART2Freq_Value,USART3Freq_Value,USBFreq_Value,VCOInput2Freq_Value,VCOInputFreq_Value,VCOOutputFreq_Value,VCOPLL2OutputFreq_Value
RCC.LPTIM1Freq_Value=250000000
RCC.LPTIM2Freq_Value=250000000
RCC.LPUART1Freq_Value=250000000
RCC.LSCOPinFreq_Value=32000
RCC.LSIRC_VALUE=32000
RCC.MCO1PinFreq_Value=32000000
RCC.PLL2PoutputFreq_Value=258000000
RCC.PLL2QoutputFreq_Value=258000000
RCC.PLL2RoutputFreq_Value=258000000
RCC.PLLM=4
RCC.PLLN=250
RCC.PLLPoutputFreq_Value=250000000
RCC.PLLQoutputFreq_Value=250000000
RCC.PLLSourceVirtual=RCC_PLL1_SOURCE_HSE
RCC.PWRFreq_Value=250000000
RCC.RNGFreq_Value=48000000
RCC.SPI1Freq_Value=250000000
RCC.SPI2Freq_Value=250000000
RCC.SPI3Freq_Value=250000000
RCC.SYSCLKFreq_VALUE=250000000
RCC.SYSCLKSource=RCC_SYSCLKSOURCE_PLLCLK
RCC.USART1Freq_Value=250000000
RCC.USART2Freq_Value=250000000
RCC.USART3Freq_Value=250000000
RCC.USBFreq_Value=48000000
RCC.VCOInput2Freq_Value=4000000
RCC.VCOInputFreq_Value=2000000
RCC.VCOOutputFreq_Value=500000000
RCC.VCOPLL2OutputFreq_Value=516000000
SH.S_TIM2_CH1.0=TIM2_CH1,TriggerSource_TI1FP1
SH.S_TIM2_CH1.ConfNb=1
TIM2.AutoReloadPreload=TIM_AUTORELOAD_PRELOAD_ENABLE
TIM2.Dithering=Disable
TIM2.IPParameters=Dithering,PeriodNoDither,AutoReloadPreload
TIM2.PeriodNoDither=65535
USART1.IPParameters=VirtualMode
USART1.VirtualMode=VM_ASYNC
VP_BOOTPATH_VS_BOOTPATH.Mode=BP_Activate
VP_BOOTPATH_VS_BOOTPATH.Signal=BOOTPATH_VS_BOOTPATH
VP_ICACHE_VS_ICACHE.Mode=DefaultMode
VP_ICACHE_VS_ICACHE.Signal=ICACHE_VS_ICACHE
VP_MEMORYMAP_VS_MEMORYMAP.Mode=CurAppReg
VP_MEMORYMAP_VS_MEMORYMAP.Signal=MEMORYMAP_VS_MEMORYMAP
VP_PWR_VS_DBSignals.Mode=DisableDeadBatterySignals
VP_PWR_VS_DBSignals.Signal=PWR_VS_DBSignals
VP_PWR_VS_LPOM.Mode=PowerOptimisation
VP_PWR_VS_LPOM.Signal=PWR_VS_LPOM
VP_PWR_VS_SECSignals.Mode=Security/Privilege
VP_PWR_VS_SECSignals.Signal=PWR_VS_SECSignals
VP_SYS_VS_Systick.Mode=SysTick
VP_SYS_VS_Systick.Signal=SYS_VS_Systick
VP_TIM2_VS_ControllerModeClock.Mode=Clock Mode
VP_TIM2_VS_ControllerModeClock.Signal=TIM2_VS_ControllerModeClock
board=custom
isbadioc=false
